
Microsoft Visual Studio Solution File, Format Version 12.00
# Visual Studio Version 17
VisualStudioVersion = 17.5.33516.290
MinimumVisualStudioVersion = 10.0.40219.1
Project("{FAE04EC0-301F-11D3-BF4B-00C04F79EFBC}") = "NewCGPA", "NewCGPA\NewCGPA.csproj", "{A8FA46DB-F34D-487B-A049-D79FA4711B1C}"
EndProject
Global
	GlobalSection(SolutionConfigurationPlatforms) = preSolution
		Debug|Any CPU = Debug|Any CPU
		Release|Any CPU = Release|Any CPU
	EndGlobalSection
	GlobalSection(ProjectConfigurationPlatforms) = postSolution
		{A8FA46DB-F34D-487B-A049-D79FA4711B1C}.Debug|Any CPU.ActiveCfg = Debug|Any CPU
		{A8FA46DB-F34D-487B-A049-D79FA4711B1C}.Debug|Any CPU.Build.0 = Debug|Any CPU
		{A8FA46DB-F34D-487B-A049-D79FA4711B1C}.Release|Any CPU.ActiveCfg = Release|Any CPU
		{A8FA46DB-F34D-487B-A049-D79FA4711B1C}.Release|Any CPU.Build.0 = Release|Any CPU
	EndGlobalSection
	GlobalSection(SolutionProperties) = preSolution
		HideSolutionNode = FALSE
	EndGlobalSection
	GlobalSection(ExtensibilityGlobals) = postSolution
		SolutionGuid = {AFC10AB1-3CDF-409B-8B67-B7FFB26ED9A7}
	EndGlobalSection
EndGlobal
